
Microsoft Visual Studio Solution File, Format Version 12.00
# Visual Studio Version 16
VisualStudioVersion = 16.0.31911.196
MinimumVisualStudioVersion = 10.0.40219.1
Project("{9A19103F-16F7-4668-BE54-9A1E7A4F7556}") = "WaveFunctionCollapse", "WaveFunctionCollapse\WaveFunctionCollapse.csproj", "{6168A799-570E-4B41-9E3A-55AFEB3ACDE5}"
EndProject
Project("{9A19103F-16F7-4668-BE54-9A1E7A4F7556}") = "RandomUsefulThings.Math", "MathMethods\RandomUsefulThings.Math.csproj", "{B770880B-508A-40F0-B33D-70B9498B6E0B}"
EndProject
Project("{9A19103F-16F7-4668-BE54-9A1E7A4F7556}") = "RandomUsefulThings.Physics", "Physics\RandomUsefulThings.Physics.csproj", "{E98BAB91-419D-420D-8644-42BEC66680D4}"
EndProject
Project("{9A19103F-16F7-4668-BE54-9A1E7A4F7556}") = "Noise", "Noise\Noise.csproj", "{CD603091-3EAC-4662-AD49-113D9A6E4AE4}"
EndProject
Project("{9A19103F-16F7-4668-BE54-9A1E7A4F7556}") = "Pathfinding", "Pathfinding\Pathfinding.csproj", "{F5A98768-D711-4837-9216-11E6F0B6FA85}"
EndProject
Project("{9A19103F-16F7-4668-BE54-9A1E7A4F7556}") = "RandomUsefulThings.Misc", "Miscellaneous\RandomUsefulThings.Misc.csproj", "{914D5037-BF2E-4568-AE5A-35B3073A86C6}"
EndProject
Project("{9A19103F-16F7-4668-BE54-9A1E7A4F7556}") = "TestConsole", "TestConsole\TestConsole.csproj", "{57BE5B5A-68F9-439F-A212-70AE2891F106}"
EndProject
Project("{9A19103F-16F7-4668-BE54-9A1E7A4F7556}") = "DifferentialEquations", "DifferentialEquations\DifferentialEquations.csproj", "{AA04A9B6-584E-4B3B-B2E8-2C868E5AEE8E}"
EndProject
Project("{9A19103F-16F7-4668-BE54-9A1E7A4F7556}") = "RandomUsefulThings.Math.Tests", "RandomUsefulThings.Math.Tests\RandomUsefulThings.Math.Tests.csproj", "{9B10A14A-84EA-478B-8E76-BC811F2E7BB3}"
EndProject
Global
	GlobalSection(SolutionConfigurationPlatforms) = preSolution
		Debug|Any CPU = Debug|Any CPU
		Release|Any CPU = Release|Any CPU
	EndGlobalSection
	GlobalSection(ProjectConfigurationPlatforms) = postSolution
		{6168A799-570E-4B41-9E3A-55AFEB3ACDE5}.Debug|Any CPU.ActiveCfg = Debug|Any CPU
		{6168A799-570E-4B41-9E3A-55AFEB3ACDE5}.Debug|Any CPU.Build.0 = Debug|Any CPU
		{6168A799-570E-4B41-9E3A-55AFEB3ACDE5}.Release|Any CPU.ActiveCfg = Release|Any CPU
		{6168A799-570E-4B41-9E3A-55AFEB3ACDE5}.Release|Any CPU.Build.0 = Release|Any CPU
		{B770880B-508A-40F0-B33D-70B9498B6E0B}.Debug|Any CPU.ActiveCfg = Debug|Any CPU
		{B770880B-508A-40F0-B33D-70B9498B6E0B}.Debug|Any CPU.Build.0 = Debug|Any CPU
		{B770880B-508A-40F0-B33D-70B9498B6E0B}.Release|Any CPU.ActiveCfg = Release|Any CPU
		{B770880B-508A-40F0-B33D-70B9498B6E0B}.Release|Any CPU.Build.0 = Release|Any CPU
		{E98BAB91-419D-420D-8644-42BEC66680D4}.Debug|Any CPU.ActiveCfg = Debug|Any CPU
		{E98BAB91-419D-420D-8644-42BEC66680D4}.Debug|Any CPU.Build.0 = Debug|Any CPU
		{E98BAB91-419D-420D-8644-42BEC66680D4}.Release|Any CPU.ActiveCfg = Release|Any CPU
		{E98BAB91-419D-420D-8644-42BEC66680D4}.Release|Any CPU.Build.0 = Release|Any CPU
		{CD603091-3EAC-4662-AD49-113D9A6E4AE4}.Debug|Any CPU.ActiveCfg = Debug|Any CPU
		{CD603091-3EAC-4662-AD49-113D9A6E4AE4}.Debug|Any CPU.Build.0 = Debug|Any CPU
		{CD603091-3EAC-4662-AD49-113D9A6E4AE4}.Release|Any CPU.ActiveCfg = Release|Any CPU
		{CD603091-3EAC-4662-AD49-113D9A6E4AE4}.Release|Any CPU.Build.0 = Release|Any CPU
		{F5A98768-D711-4837-9216-11E6F0B6FA85}.Debug|Any CPU.ActiveCfg = Debug|Any CPU
		{F5A98768-D711-4837-9216-11E6F0B6FA85}.Debug|Any CPU.Build.0 = Debug|Any CPU
		{F5A98768-D711-4837-9216-11E6F0B6FA85}.Release|Any CPU.ActiveCfg = Release|Any CPU
		{F5A98768-D711-4837-9216-11E6F0B6FA85}.Release|Any CPU.Build.0 = Release|Any CPU
		{914D5037-BF2E-4568-AE5A-35B3073A86C6}.Debug|Any CPU.ActiveCfg = Debug|Any CPU
		{914D5037-BF2E-4568-AE5A-35B3073A86C6}.Debug|Any CPU.Build.0 = Debug|Any CPU
		{914D5037-BF2E-4568-AE5A-35B3073A86C6}.Release|Any CPU.ActiveCfg = Release|Any CPU
		{914D5037-BF2E-4568-AE5A-35B3073A86C6}.Release|Any CPU.Build.0 = Release|Any CPU
		{57BE5B5A-68F9-439F-A212-70AE2891F106}.Debug|Any CPU.ActiveCfg = Debug|Any CPU
		{57BE5B5A-68F9-439F-A212-70AE2891F106}.Debug|Any CPU.Build.0 = Debug|Any CPU
		{57BE5B5A-68F9-439F-A212-70AE2891F106}.Release|Any CPU.ActiveCfg = Release|Any CPU
		{57BE5B5A-68F9-439F-A212-70AE2891F106}.Release|Any CPU.Build.0 = Release|Any CPU
		{AA04A9B6-584E-4B3B-B2E8-2C868E5AEE8E}.Debug|Any CPU.ActiveCfg = Debug|Any CPU
		{AA04A9B6-584E-4B3B-B2E8-2C868E5AEE8E}.Debug|Any CPU.Build.0 = Debug|Any CPU
		{AA04A9B6-584E-4B3B-B2E8-2C868E5AEE8E}.Release|Any CPU.ActiveCfg = Release|Any CPU
		{AA04A9B6-584E-4B3B-B2E8-2C868E5AEE8E}.Release|Any CPU.Build.0 = Release|Any CPU
		{9B10A14A-84EA-478B-8E76-BC811F2E7BB3}.Debug|Any CPU.ActiveCfg = Debug|Any CPU
		{9B10A14A-84EA-478B-8E76-BC811F2E7BB3}.Debug|Any CPU.Build.0 = Debug|Any CPU
		{9B10A14A-84EA-478B-8E76-BC811F2E7BB3}.Release|Any CPU.ActiveCfg = Release|Any CPU
		{9B10A14A-84EA-478B-8E76-BC811F2E7BB3}.Release|Any CPU.Build.0 = Release|Any CPU
	EndGlobalSection
	GlobalSection(SolutionProperties) = preSolution
		HideSolutionNode = FALSE
	EndGlobalSection
	GlobalSection(ExtensibilityGlobals) = postSolution
		SolutionGuid = {901451D3-8507-4FBA-AE45-1D2193C30B5B}
	EndGlobalSection
EndGlobal
